
Microsoft Visual Studio Solution File, Format Version 12.00
# Visual Studio 2012
Project("{F184B08F-C81C-45F6-A57F-5ABD9991F28F}") = "ExcelSSGen", "ExcelSSGen\ExcelSSGen\ExcelSSGen.vbproj", "{99BC2844-F96E-4AC1-ACAC-BBD1B72EB48D}"
EndProject
Project("{F184B08F-C81C-45F6-A57F-5ABD9991F28F}") = "DMAC", "DMAC\DMAC\DMAC.vbproj", "{6CE2E588-3D91-4A80-8914-B17F872209C8}"
	ProjectSection(ProjectDependencies) = postProject
		{D5518224-7BDB-489B-B866-28EE15034F84} = {D5518224-7BDB-489B-B866-28EE15034F84}
		{99BC2844-F96E-4AC1-ACAC-BBD1B72EB48D} = {99BC2844-F96E-4AC1-ACAC-BBD1B72EB48D}
	EndProjectSection
EndProject
Project("{F184B08F-C81C-45F6-A57F-5ABD9991F28F}") = "ConfigTool", "ConfigTool\ConfigTool\ConfigTool.vbproj", "{FC1E1BE6-35A6-49A2-A07F-BB4919B0BECA}"
EndProject
Project("{F184B08F-C81C-45F6-A57F-5ABD9991F28F}") = "DeployeSSRS", "ConfigTool\DeployeSSRS\DeployeSSRS.vbproj", "{47524B30-A745-4A6F-9DB5-ED41AC438D69}"
EndProject
Project("{F184B08F-C81C-45F6-A57F-5ABD9991F28F}") = "waRepViewer", "waRepViewer\waRepViewer\waRepViewer.vbproj", "{BD69843E-F445-45C0-AE6B-952CB6FDBE98}"
	ProjectSection(ProjectDependencies) = postProject
		{99BC2844-F96E-4AC1-ACAC-BBD1B72EB48D} = {99BC2844-F96E-4AC1-ACAC-BBD1B72EB48D}
	EndProjectSection
EndProject
Project("{F184B08F-C81C-45F6-A57F-5ABD9991F28F}") = "ConfigDMAC", "ConfigDMAC\ConfigDMAC.vbproj", "{D5518224-7BDB-489B-B866-28EE15034F84}"
EndProject
Project("{F184B08F-C81C-45F6-A57F-5ABD9991F28F}") = "SendEmails", "SendEmails\SendEmails.vbproj", "{59C8C96B-4EC1-486B-A6B8-163FD547EBEC}"
EndProject
Global
	GlobalSection(SolutionConfigurationPlatforms) = preSolution
		CD_ROM|Any CPU = CD_ROM|Any CPU
		CD_ROM|Mixed Platforms = CD_ROM|Mixed Platforms
		CD_ROM|x64 = CD_ROM|x64
		CD_ROM|x86 = CD_ROM|x86
		Debug|Any CPU = Debug|Any CPU
		Debug|Mixed Platforms = Debug|Mixed Platforms
		Debug|x64 = Debug|x64
		Debug|x86 = Debug|x86
		DVD-5|Any CPU = DVD-5|Any CPU
		DVD-5|Mixed Platforms = DVD-5|Mixed Platforms
		DVD-5|x64 = DVD-5|x64
		DVD-5|x86 = DVD-5|x86
		Release|Any CPU = Release|Any CPU
		Release|Mixed Platforms = Release|Mixed Platforms
		Release|x64 = Release|x64
		Release|x86 = Release|x86
		SingleImage|Any CPU = SingleImage|Any CPU
		SingleImage|Mixed Platforms = SingleImage|Mixed Platforms
		SingleImage|x64 = SingleImage|x64
		SingleImage|x86 = SingleImage|x86
	EndGlobalSection
	GlobalSection(ProjectConfigurationPlatforms) = postSolution
		{99BC2844-F96E-4AC1-ACAC-BBD1B72EB48D}.CD_ROM|Any CPU.ActiveCfg = Release|Any CPU
		{99BC2844-F96E-4AC1-ACAC-BBD1B72EB48D}.CD_ROM|Any CPU.Build.0 = Release|Any CPU
		{99BC2844-F96E-4AC1-ACAC-BBD1B72EB48D}.CD_ROM|Mixed Platforms.ActiveCfg = Release|Any CPU
		{99BC2844-F96E-4AC1-ACAC-BBD1B72EB48D}.CD_ROM|Mixed Platforms.Build.0 = Release|Any CPU
		{99BC2844-F96E-4AC1-ACAC-BBD1B72EB48D}.CD_ROM|x64.ActiveCfg = Debug|Any CPU
		{99BC2844-F96E-4AC1-ACAC-BBD1B72EB48D}.CD_ROM|x86.ActiveCfg = Release|Any CPU
		{99BC2844-F96E-4AC1-ACAC-BBD1B72EB48D}.Debug|Any CPU.ActiveCfg = Debug|Any CPU
		{99BC2844-F96E-4AC1-ACAC-BBD1B72EB48D}.Debug|Any CPU.Build.0 = Debug|Any CPU
		{99BC2844-F96E-4AC1-ACAC-BBD1B72EB48D}.Debug|Mixed Platforms.ActiveCfg = Debug|Any CPU
		{99BC2844-F96E-4AC1-ACAC-BBD1B72EB48D}.Debug|Mixed Platforms.Build.0 = Debug|Any CPU
		{99BC2844-F96E-4AC1-ACAC-BBD1B72EB48D}.Debug|x64.ActiveCfg = Debug|Any CPU
		{99BC2844-F96E-4AC1-ACAC-BBD1B72EB48D}.Debug|x86.ActiveCfg = Debug|Any CPU
		{99BC2844-F96E-4AC1-ACAC-BBD1B72EB48D}.DVD-5|Any CPU.ActiveCfg = Debug|Any CPU
		{99BC2844-F96E-4AC1-ACAC-BBD1B72EB48D}.DVD-5|Any CPU.Build.0 = Debug|Any CPU
		{99BC2844-F96E-4AC1-ACAC-BBD1B72EB48D}.DVD-5|Mixed Platforms.ActiveCfg = Debug|Any CPU
		{99BC2844-F96E-4AC1-ACAC-BBD1B72EB48D}.DVD-5|Mixed Platforms.Build.0 = Debug|Any CPU
		{99BC2844-F96E-4AC1-ACAC-BBD1B72EB48D}.DVD-5|x64.ActiveCfg = Debug|Any CPU
		{99BC2844-F96E-4AC1-ACAC-BBD1B72EB48D}.DVD-5|x86.ActiveCfg = Debug|Any CPU
		{99BC2844-F96E-4AC1-ACAC-BBD1B72EB48D}.Release|Any CPU.ActiveCfg = Release|Any CPU
		{99BC2844-F96E-4AC1-ACAC-BBD1B72EB48D}.Release|Any CPU.Build.0 = Release|Any CPU
		{99BC2844-F96E-4AC1-ACAC-BBD1B72EB48D}.Release|Mixed Platforms.ActiveCfg = Release|Any CPU
		{99BC2844-F96E-4AC1-ACAC-BBD1B72EB48D}.Release|Mixed Platforms.Build.0 = Release|Any CPU
		{99BC2844-F96E-4AC1-ACAC-BBD1B72EB48D}.Release|x64.ActiveCfg = Release|Any CPU
		{99BC2844-F96E-4AC1-ACAC-BBD1B72EB48D}.Release|x86.ActiveCfg = Release|Any CPU
		{99BC2844-F96E-4AC1-ACAC-BBD1B72EB48D}.SingleImage|Any CPU.ActiveCfg = Release|Any CPU
		{99BC2844-F96E-4AC1-ACAC-BBD1B72EB48D}.SingleImage|Any CPU.Build.0 = Release|Any CPU
		{99BC2844-F96E-4AC1-ACAC-BBD1B72EB48D}.SingleImage|Mixed Platforms.ActiveCfg = Release|Any CPU
		{99BC2844-F96E-4AC1-ACAC-BBD1B72EB48D}.SingleImage|Mixed Platforms.Build.0 = Release|Any CPU
		{99BC2844-F96E-4AC1-ACAC-BBD1B72EB48D}.SingleImage|x64.ActiveCfg = Debug|Any CPU
		{99BC2844-F96E-4AC1-ACAC-BBD1B72EB48D}.SingleImage|x86.ActiveCfg = Release|Any CPU
		{6CE2E588-3D91-4A80-8914-B17F872209C8}.CD_ROM|Any CPU.ActiveCfg = Release|x86
		{6CE2E588-3D91-4A80-8914-B17F872209C8}.CD_ROM|Mixed Platforms.ActiveCfg = Release|x86
		{6CE2E588-3D91-4A80-8914-B17F872209C8}.CD_ROM|Mixed Platforms.Build.0 = Release|x86
		{6CE2E588-3D91-4A80-8914-B17F872209C8}.CD_ROM|x64.ActiveCfg = Release|x64
		{6CE2E588-3D91-4A80-8914-B17F872209C8}.CD_ROM|x64.Build.0 = Release|x64
		{6CE2E588-3D91-4A80-8914-B17F872209C8}.CD_ROM|x86.ActiveCfg = Release|x86
		{6CE2E588-3D91-4A80-8914-B17F872209C8}.CD_ROM|x86.Build.0 = Release|x86
		{6CE2E588-3D91-4A80-8914-B17F872209C8}.Debug|Any CPU.ActiveCfg = Debug|Any CPU
		{6CE2E588-3D91-4A80-8914-B17F872209C8}.Debug|Any CPU.Build.0 = Debug|Any CPU
		{6CE2E588-3D91-4A80-8914-B17F872209C8}.Debug|Mixed Platforms.ActiveCfg = Debug|Any CPU
		{6CE2E588-3D91-4A80-8914-B17F872209C8}.Debug|Mixed Platforms.Build.0 = Debug|Any CPU
		{6CE2E588-3D91-4A80-8914-B17F872209C8}.Debug|x64.ActiveCfg = Debug|x64
		{6CE2E588-3D91-4A80-8914-B17F872209C8}.Debug|x64.Build.0 = Debug|x64
		{6CE2E588-3D91-4A80-8914-B17F872209C8}.Debug|x86.ActiveCfg = Debug|x86
		{6CE2E588-3D91-4A80-8914-B17F872209C8}.Debug|x86.Build.0 = Debug|x86
		{6CE2E588-3D91-4A80-8914-B17F872209C8}.DVD-5|Any CPU.ActiveCfg = Debug|x86
		{6CE2E588-3D91-4A80-8914-B17F872209C8}.DVD-5|Mixed Platforms.ActiveCfg = Debug|x86
		{6CE2E588-3D91-4A80-8914-B17F872209C8}.DVD-5|Mixed Platforms.Build.0 = Debug|x86
		{6CE2E588-3D91-4A80-8914-B17F872209C8}.DVD-5|x64.ActiveCfg = Debug|x64
		{6CE2E588-3D91-4A80-8914-B17F872209C8}.DVD-5|x64.Build.0 = Debug|x64
		{6CE2E588-3D91-4A80-8914-B17F872209C8}.DVD-5|x86.ActiveCfg = Debug|x86
		{6CE2E588-3D91-4A80-8914-B17F872209C8}.DVD-5|x86.Build.0 = Debug|x86
		{6CE2E588-3D91-4A80-8914-B17F872209C8}.Release|Any CPU.ActiveCfg = Release|x86
		{6CE2E588-3D91-4A80-8914-B17F872209C8}.Release|Mixed Platforms.ActiveCfg = Release|Any CPU
		{6CE2E588-3D91-4A80-8914-B17F872209C8}.Release|Mixed Platforms.Build.0 = Release|Any CPU
		{6CE2E588-3D91-4A80-8914-B17F872209C8}.Release|x64.ActiveCfg = Release|x64
		{6CE2E588-3D91-4A80-8914-B17F872209C8}.Release|x64.Build.0 = Release|x64
		{6CE2E588-3D91-4A80-8914-B17F872209C8}.Release|x86.ActiveCfg = Release|x86
		{6CE2E588-3D91-4A80-8914-B17F872209C8}.Release|x86.Build.0 = Release|x86
		{6CE2E588-3D91-4A80-8914-B17F872209C8}.SingleImage|Any CPU.ActiveCfg = Release|x86
		{6CE2E588-3D91-4A80-8914-B17F872209C8}.SingleImage|Mixed Platforms.ActiveCfg = Release|x86
		{6CE2E588-3D91-4A80-8914-B17F872209C8}.SingleImage|Mixed Platforms.Build.0 = Release|x86
		{6CE2E588-3D91-4A80-8914-B17F872209C8}.SingleImage|x64.ActiveCfg = Release|x64
		{6CE2E588-3D91-4A80-8914-B17F872209C8}.SingleImage|x64.Build.0 = Release|x64
		{6CE2E588-3D91-4A80-8914-B17F872209C8}.SingleImage|x86.ActiveCfg = Release|x86
		{6CE2E588-3D91-4A80-8914-B17F872209C8}.SingleImage|x86.Build.0 = Release|x86
		{FC1E1BE6-35A6-49A2-A07F-BB4919B0BECA}.CD_ROM|Any CPU.ActiveCfg = Release|x86
		{FC1E1BE6-35A6-49A2-A07F-BB4919B0BECA}.CD_ROM|Mixed Platforms.ActiveCfg = Release|x86
		{FC1E1BE6-35A6-49A2-A07F-BB4919B0BECA}.CD_ROM|Mixed Platforms.Build.0 = Release|x86
		{FC1E1BE6-35A6-49A2-A07F-BB4919B0BECA}.CD_ROM|x64.ActiveCfg = Debug|x86
		{FC1E1BE6-35A6-49A2-A07F-BB4919B0BECA}.CD_ROM|x86.ActiveCfg = Release|x86
		{FC1E1BE6-35A6-49A2-A07F-BB4919B0BECA}.CD_ROM|x86.Build.0 = Release|x86
		{FC1E1BE6-35A6-49A2-A07F-BB4919B0BECA}.Debug|Any CPU.ActiveCfg = Debug|x86
		{FC1E1BE6-35A6-49A2-A07F-BB4919B0BECA}.Debug|Any CPU.Build.0 = Debug|x86
		{FC1E1BE6-35A6-49A2-A07F-BB4919B0BECA}.Debug|Mixed Platforms.ActiveCfg = Debug|x86
		{FC1E1BE6-35A6-49A2-A07F-BB4919B0BECA}.Debug|Mixed Platforms.Build.0 = Debug|x86
		{FC1E1BE6-35A6-49A2-A07F-BB4919B0BECA}.Debug|x64.ActiveCfg = Debug|x86
		{FC1E1BE6-35A6-49A2-A07F-BB4919B0BECA}.Debug|x86.ActiveCfg = Debug|x86
		{FC1E1BE6-35A6-49A2-A07F-BB4919B0BECA}.Debug|x86.Build.0 = Debug|x86
		{FC1E1BE6-35A6-49A2-A07F-BB4919B0BECA}.DVD-5|Any CPU.ActiveCfg = Debug|x86
		{FC1E1BE6-35A6-49A2-A07F-BB4919B0BECA}.DVD-5|Mixed Platforms.ActiveCfg = Debug|x86
		{FC1E1BE6-35A6-49A2-A07F-BB4919B0BECA}.DVD-5|Mixed Platforms.Build.0 = Debug|x86
		{FC1E1BE6-35A6-49A2-A07F-BB4919B0BECA}.DVD-5|x64.ActiveCfg = Debug|x86
		{FC1E1BE6-35A6-49A2-A07F-BB4919B0BECA}.DVD-5|x86.ActiveCfg = Debug|x86
		{FC1E1BE6-35A6-49A2-A07F-BB4919B0BECA}.DVD-5|x86.Build.0 = Debug|x86
		{FC1E1BE6-35A6-49A2-A07F-BB4919B0BECA}.Release|Any CPU.ActiveCfg = Release|x86
		{FC1E1BE6-35A6-49A2-A07F-BB4919B0BECA}.Release|Mixed Platforms.ActiveCfg = Release|x86
		{FC1E1BE6-35A6-49A2-A07F-BB4919B0BECA}.Release|Mixed Platforms.Build.0 = Release|x86
		{FC1E1BE6-35A6-49A2-A07F-BB4919B0BECA}.Release|x64.ActiveCfg = Release|x86
		{FC1E1BE6-35A6-49A2-A07F-BB4919B0BECA}.Release|x86.ActiveCfg = Release|x86
		{FC1E1BE6-35A6-49A2-A07F-BB4919B0BECA}.Release|x86.Build.0 = Release|x86
		{FC1E1BE6-35A6-49A2-A07F-BB4919B0BECA}.SingleImage|Any CPU.ActiveCfg = Release|x86
		{FC1E1BE6-35A6-49A2-A07F-BB4919B0BECA}.SingleImage|Mixed Platforms.ActiveCfg = Release|x86
		{FC1E1BE6-35A6-49A2-A07F-BB4919B0BECA}.SingleImage|Mixed Platforms.Build.0 = Release|x86
		{FC1E1BE6-35A6-49A2-A07F-BB4919B0BECA}.SingleImage|x64.ActiveCfg = Debug|x86
		{FC1E1BE6-35A6-49A2-A07F-BB4919B0BECA}.SingleImage|x86.ActiveCfg = Release|x86
		{FC1E1BE6-35A6-49A2-A07F-BB4919B0BECA}.SingleImage|x86.Build.0 = Release|x86
		{47524B30-A745-4A6F-9DB5-ED41AC438D69}.CD_ROM|Any CPU.ActiveCfg = Release|x86
		{47524B30-A745-4A6F-9DB5-ED41AC438D69}.CD_ROM|Mixed Platforms.ActiveCfg = Release|x86
		{47524B30-A745-4A6F-9DB5-ED41AC438D69}.CD_ROM|Mixed Platforms.Build.0 = Release|x86
		{47524B30-A745-4A6F-9DB5-ED41AC438D69}.CD_ROM|x64.ActiveCfg = Debug|x86
		{47524B30-A745-4A6F-9DB5-ED41AC438D69}.CD_ROM|x86.ActiveCfg = Release|x86
		{47524B30-A745-4A6F-9DB5-ED41AC438D69}.CD_ROM|x86.Build.0 = Release|x86
		{47524B30-A745-4A6F-9DB5-ED41AC438D69}.Debug|Any CPU.ActiveCfg = Debug|Any CPU
		{47524B30-A745-4A6F-9DB5-ED41AC438D69}.Debug|Any CPU.Build.0 = Debug|Any CPU
		{47524B30-A745-4A6F-9DB5-ED41AC438D69}.Debug|Mixed Platforms.ActiveCfg = Debug|x86
		{47524B30-A745-4A6F-9DB5-ED41AC438D69}.Debug|Mixed Platforms.Build.0 = Debug|x86
		{47524B30-A745-4A6F-9DB5-ED41AC438D69}.Debug|x64.ActiveCfg = Debug|x86
		{47524B30-A745-4A6F-9DB5-ED41AC438D69}.Debug|x86.ActiveCfg = Debug|x86
		{47524B30-A745-4A6F-9DB5-ED41AC438D69}.Debug|x86.Build.0 = Debug|x86
		{47524B30-A745-4A6F-9DB5-ED41AC438D69}.DVD-5|Any CPU.ActiveCfg = Debug|x86
		{47524B30-A745-4A6F-9DB5-ED41AC438D69}.DVD-5|Mixed Platforms.ActiveCfg = Debug|x86
		{47524B30-A745-4A6F-9DB5-ED41AC438D69}.DVD-5|Mixed Platforms.Build.0 = Debug|x86
		{47524B30-A745-4A6F-9DB5-ED41AC438D69}.DVD-5|x64.ActiveCfg = Debug|x86
		{47524B30-A745-4A6F-9DB5-ED41AC438D69}.DVD-5|x86.ActiveCfg = Debug|x86
		{47524B30-A745-4A6F-9DB5-ED41AC438D69}.DVD-5|x86.Build.0 = Debug|x86
		{47524B30-A745-4A6F-9DB5-ED41AC438D69}.Release|Any CPU.ActiveCfg = Release|x86
		{47524B30-A745-4A6F-9DB5-ED41AC438D69}.Release|Mixed Platforms.ActiveCfg = Release|x86
		{47524B30-A745-4A6F-9DB5-ED41AC438D69}.Release|Mixed Platforms.Build.0 = Release|x86
		{47524B30-A745-4A6F-9DB5-ED41AC438D69}.Release|x64.ActiveCfg = Release|x86
		{47524B30-A745-4A6F-9DB5-ED41AC438D69}.Release|x86.ActiveCfg = Release|x86
		{47524B30-A745-4A6F-9DB5-ED41AC438D69}.Release|x86.Build.0 = Release|x86
		{47524B30-A745-4A6F-9DB5-ED41AC438D69}.SingleImage|Any CPU.ActiveCfg = Release|x86
		{47524B30-A745-4A6F-9DB5-ED41AC438D69}.SingleImage|Mixed Platforms.ActiveCfg = Release|x86
		{47524B30-A745-4A6F-9DB5-ED41AC438D69}.SingleImage|Mixed Platforms.Build.0 = Release|x86
		{47524B30-A745-4A6F-9DB5-ED41AC438D69}.SingleImage|x64.ActiveCfg = Debug|x86
		{47524B30-A745-4A6F-9DB5-ED41AC438D69}.SingleImage|x86.ActiveCfg = Release|x86
		{47524B30-A745-4A6F-9DB5-ED41AC438D69}.SingleImage|x86.Build.0 = Release|x86
		{BD69843E-F445-45C0-AE6B-952CB6FDBE98}.CD_ROM|Any CPU.ActiveCfg = Release|Any CPU
		{BD69843E-F445-45C0-AE6B-952CB6FDBE98}.CD_ROM|Any CPU.Build.0 = Release|Any CPU
		{BD69843E-F445-45C0-AE6B-952CB6FDBE98}.CD_ROM|Mixed Platforms.ActiveCfg = Release|Any CPU
		{BD69843E-F445-45C0-AE6B-952CB6FDBE98}.CD_ROM|Mixed Platforms.Build.0 = Release|Any CPU
		{BD69843E-F445-45C0-AE6B-952CB6FDBE98}.CD_ROM|x64.ActiveCfg = Debug|Any CPU
		{BD69843E-F445-45C0-AE6B-952CB6FDBE98}.CD_ROM|x86.ActiveCfg = Release|Any CPU
		{BD69843E-F445-45C0-AE6B-952CB6FDBE98}.Debug|Any CPU.ActiveCfg = Debug|Any CPU
		{BD69843E-F445-45C0-AE6B-952CB6FDBE98}.Debug|Any CPU.Build.0 = Debug|Any CPU
		{BD69843E-F445-45C0-AE6B-952CB6FDBE98}.Debug|Mixed Platforms.ActiveCfg = Debug|Any CPU
		{BD69843E-F445-45C0-AE6B-952CB6FDBE98}.Debug|Mixed Platforms.Build.0 = Debug|Any CPU
		{BD69843E-F445-45C0-AE6B-952CB6FDBE98}.Debug|x64.ActiveCfg = Debug|Any CPU
		{BD69843E-F445-45C0-AE6B-952CB6FDBE98}.Debug|x86.ActiveCfg = Debug|Any CPU
		{BD69843E-F445-45C0-AE6B-952CB6FDBE98}.DVD-5|Any CPU.ActiveCfg = Debug|Any CPU
		{BD69843E-F445-45C0-AE6B-952CB6FDBE98}.DVD-5|Any CPU.Build.0 = Debug|Any CPU
		{BD69843E-F445-45C0-AE6B-952CB6FDBE98}.DVD-5|Mixed Platforms.ActiveCfg = Debug|Any CPU
		{BD69843E-F445-45C0-AE6B-952CB6FDBE98}.DVD-5|Mixed Platforms.Build.0 = Debug|Any CPU
		{BD69843E-F445-45C0-AE6B-952CB6FDBE98}.DVD-5|x64.ActiveCfg = Debug|Any CPU
		{BD69843E-F445-45C0-AE6B-952CB6FDBE98}.DVD-5|x86.ActiveCfg = Debug|Any CPU
		{BD69843E-F445-45C0-AE6B-952CB6FDBE98}.Release|Any CPU.ActiveCfg = Release|Any CPU
		{BD69843E-F445-45C0-AE6B-952CB6FDBE98}.Release|Any CPU.Build.0 = Release|Any CPU
		{BD69843E-F445-45C0-AE6B-952CB6FDBE98}.Release|Mixed Platforms.ActiveCfg = Release|Any CPU
		{BD69843E-F445-45C0-AE6B-952CB6FDBE98}.Release|Mixed Platforms.Build.0 = Release|Any CPU
		{BD69843E-F445-45C0-AE6B-952CB6FDBE98}.Release|x64.ActiveCfg = Release|Any CPU
		{BD69843E-F445-45C0-AE6B-952CB6FDBE98}.Release|x86.ActiveCfg = Release|Any CPU
		{BD69843E-F445-45C0-AE6B-952CB6FDBE98}.SingleImage|Any CPU.ActiveCfg = Release|Any CPU
		{BD69843E-F445-45C0-AE6B-952CB6FDBE98}.SingleImage|Any CPU.Build.0 = Release|Any CPU
		{BD69843E-F445-45C0-AE6B-952CB6FDBE98}.SingleImage|Mixed Platforms.ActiveCfg = Release|Any CPU
		{BD69843E-F445-45C0-AE6B-952CB6FDBE98}.SingleImage|Mixed Platforms.Build.0 = Release|Any CPU
		{BD69843E-F445-45C0-AE6B-952CB6FDBE98}.SingleImage|x64.ActiveCfg = Debug|Any CPU
		{BD69843E-F445-45C0-AE6B-952CB6FDBE98}.SingleImage|x86.ActiveCfg = Release|Any CPU
		{D5518224-7BDB-489B-B866-28EE15034F84}.CD_ROM|Any CPU.ActiveCfg = Release|Any CPU
		{D5518224-7BDB-489B-B866-28EE15034F84}.CD_ROM|Any CPU.Build.0 = Release|Any CPU
		{D5518224-7BDB-489B-B866-28EE15034F84}.CD_ROM|Mixed Platforms.ActiveCfg = Release|Any CPU
		{D5518224-7BDB-489B-B866-28EE15034F84}.CD_ROM|Mixed Platforms.Build.0 = Release|Any CPU
		{D5518224-7BDB-489B-B866-28EE15034F84}.CD_ROM|x64.ActiveCfg = Debug|Any CPU
		{D5518224-7BDB-489B-B866-28EE15034F84}.CD_ROM|x86.ActiveCfg = Release|Any CPU
		{D5518224-7BDB-489B-B866-28EE15034F84}.Debug|Any CPU.ActiveCfg = Debug|Any CPU
		{D5518224-7BDB-489B-B866-28EE15034F84}.Debug|Any CPU.Build.0 = Debug|Any CPU
		{D5518224-7BDB-489B-B866-28EE15034F84}.Debug|Mixed Platforms.ActiveCfg = Debug|Any CPU
		{D5518224-7BDB-489B-B866-28EE15034F84}.Debug|Mixed Platforms.Build.0 = Debug|Any CPU
		{D5518224-7BDB-489B-B866-28EE15034F84}.Debug|x64.ActiveCfg = Debug|Any CPU
		{D5518224-7BDB-489B-B866-28EE15034F84}.Debug|x86.ActiveCfg = Debug|Any CPU
		{D5518224-7BDB-489B-B866-28EE15034F84}.DVD-5|Any CPU.ActiveCfg = Debug|Any CPU
		{D5518224-7BDB-489B-B866-28EE15034F84}.DVD-5|Any CPU.Build.0 = Debug|Any CPU
		{D5518224-7BDB-489B-B866-28EE15034F84}.DVD-5|Mixed Platforms.ActiveCfg = Debug|Any CPU
		{D5518224-7BDB-489B-B866-28EE15034F84}.DVD-5|Mixed Platforms.Build.0 = Debug|Any CPU
		{D5518224-7BDB-489B-B866-28EE15034F84}.DVD-5|x64.ActiveCfg = Debug|Any CPU
		{D5518224-7BDB-489B-B866-28EE15034F84}.DVD-5|x86.ActiveCfg = Debug|Any CPU
		{D5518224-7BDB-489B-B866-28EE15034F84}.Release|Any CPU.ActiveCfg = Release|Any CPU
		{D5518224-7BDB-489B-B866-28EE15034F84}.Release|Any CPU.Build.0 = Release|Any CPU
		{D5518224-7BDB-489B-B866-28EE15034F84}.Release|Mixed Platforms.ActiveCfg = Release|Any CPU
		{D5518224-7BDB-489B-B866-28EE15034F84}.Release|Mixed Platforms.Build.0 = Release|Any CPU
		{D5518224-7BDB-489B-B866-28EE15034F84}.Release|x64.ActiveCfg = Release|Any CPU
		{D5518224-7BDB-489B-B866-28EE15034F84}.Release|x86.ActiveCfg = Release|Any CPU
		{D5518224-7BDB-489B-B866-28EE15034F84}.SingleImage|Any CPU.ActiveCfg = Release|Any CPU
		{D5518224-7BDB-489B-B866-28EE15034F84}.SingleImage|Any CPU.Build.0 = Release|Any CPU
		{D5518224-7BDB-489B-B866-28EE15034F84}.SingleImage|Mixed Platforms.ActiveCfg = Release|Any CPU
		{D5518224-7BDB-489B-B866-28EE15034F84}.SingleImage|Mixed Platforms.Build.0 = Release|Any CPU
		{D5518224-7BDB-489B-B866-28EE15034F84}.SingleImage|x64.ActiveCfg = Debug|Any CPU
		{D5518224-7BDB-489B-B866-28EE15034F84}.SingleImage|x86.ActiveCfg = Release|Any CPU
		{59C8C96B-4EC1-486B-A6B8-163FD547EBEC}.CD_ROM|Any CPU.ActiveCfg = Release|Any CPU
		{59C8C96B-4EC1-486B-A6B8-163FD547EBEC}.CD_ROM|Any CPU.Build.0 = Release|Any CPU
		{59C8C96B-4EC1-486B-A6B8-163FD547EBEC}.CD_ROM|Mixed Platforms.ActiveCfg = Release|Any CPU
		{59C8C96B-4EC1-486B-A6B8-163FD547EBEC}.CD_ROM|Mixed Platforms.Build.0 = Release|Any CPU
		{59C8C96B-4EC1-486B-A6B8-163FD547EBEC}.CD_ROM|x64.ActiveCfg = Release|Any CPU
		{59C8C96B-4EC1-486B-A6B8-163FD547EBEC}.CD_ROM|x86.ActiveCfg = Release|Any CPU
		{59C8C96B-4EC1-486B-A6B8-163FD547EBEC}.Debug|Any CPU.ActiveCfg = Debug|Any CPU
		{59C8C96B-4EC1-486B-A6B8-163FD547EBEC}.Debug|Any CPU.Build.0 = Debug|Any CPU
		{59C8C96B-4EC1-486B-A6B8-163FD547EBEC}.Debug|Mixed Platforms.ActiveCfg = Debug|Any CPU
		{59C8C96B-4EC1-486B-A6B8-163FD547EBEC}.Debug|Mixed Platforms.Build.0 = Debug|Any CPU
		{59C8C96B-4EC1-486B-A6B8-163FD547EBEC}.Debug|x64.ActiveCfg = Debug|Any CPU
		{59C8C96B-4EC1-486B-A6B8-163FD547EBEC}.Debug|x86.ActiveCfg = Debug|Any CPU
		{59C8C96B-4EC1-486B-A6B8-163FD547EBEC}.DVD-5|Any CPU.ActiveCfg = Debug|Any CPU
		{59C8C96B-4EC1-486B-A6B8-163FD547EBEC}.DVD-5|Any CPU.Build.0 = Debug|Any CPU
		{59C8C96B-4EC1-486B-A6B8-163FD547EBEC}.DVD-5|Mixed Platforms.ActiveCfg = Debug|Any CPU
		{59C8C96B-4EC1-486B-A6B8-163FD547EBEC}.DVD-5|Mixed Platforms.Build.0 = Debug|Any CPU
		{59C8C96B-4EC1-486B-A6B8-163FD547EBEC}.DVD-5|x64.ActiveCfg = Debug|Any CPU
		{59C8C96B-4EC1-486B-A6B8-163FD547EBEC}.DVD-5|x86.ActiveCfg = Debug|Any CPU
		{59C8C96B-4EC1-486B-A6B8-163FD547EBEC}.Release|Any CPU.ActiveCfg = Release|Any CPU
		{59C8C96B-4EC1-486B-A6B8-163FD547EBEC}.Release|Any CPU.Build.0 = Release|Any CPU
		{59C8C96B-4EC1-486B-A6B8-163FD547EBEC}.Release|Mixed Platforms.ActiveCfg = Release|Any CPU
		{59C8C96B-4EC1-486B-A6B8-163FD547EBEC}.Release|Mixed Platforms.Build.0 = Release|Any CPU
		{59C8C96B-4EC1-486B-A6B8-163FD547EBEC}.Release|x64.ActiveCfg = Release|Any CPU
		{59C8C96B-4EC1-486B-A6B8-163FD547EBEC}.Release|x86.ActiveCfg = Release|Any CPU
		{59C8C96B-4EC1-486B-A6B8-163FD547EBEC}.SingleImage|Any CPU.ActiveCfg = Release|Any CPU
		{59C8C96B-4EC1-486B-A6B8-163FD547EBEC}.SingleImage|Any CPU.Build.0 = Release|Any CPU
		{59C8C96B-4EC1-486B-A6B8-163FD547EBEC}.SingleImage|Mixed Platforms.ActiveCfg = Release|Any CPU
		{59C8C96B-4EC1-486B-A6B8-163FD547EBEC}.SingleImage|Mixed Platforms.Build.0 = Release|Any CPU
		{59C8C96B-4EC1-486B-A6B8-163FD547EBEC}.SingleImage|x64.ActiveCfg = Release|Any CPU
		{59C8C96B-4EC1-486B-A6B8-163FD547EBEC}.SingleImage|x86.ActiveCfg = Release|Any CPU
	EndGlobalSection
	GlobalSection(SolutionProperties) = preSolution
		HideSolutionNode = FALSE
	EndGlobalSection
EndGlobal
