
Microsoft Visual Studio Solution File, Format Version 12.00
# Visual Studio 2013
VisualStudioVersion = 12.0.21005.1
MinimumVisualStudioVersion = 10.0.40219.1
Project("{6141683F-8A12-4E36-9623-2EB02B2C2303}") = "DMAC_Setup", "DMAC_Setup\DMAC_Setup.isproj", "{1F4AA4CF-250E-419B-B1A7-F4589EBE2A64}"
EndProject
Global
	GlobalSection(SolutionConfigurationPlatforms) = preSolution
		CD_ROM|Default = CD_ROM|Default
		DVD-5|Default = DVD-5|Default
		SingleImage|Default = SingleImage|Default
	EndGlobalSection
	GlobalSection(ProjectConfigurationPlatforms) = postSolution
		{1F4AA4CF-250E-419B-B1A7-F4589EBE2A64}.CD_ROM|Default.ActiveCfg = CD_ROM
		{1F4AA4CF-250E-419B-B1A7-F4589EBE2A64}.CD_ROM|Default.Build.0 = CD_ROM
		{1F4AA4CF-250E-419B-B1A7-F4589EBE2A64}.DVD-5|Default.ActiveCfg = DVD-5
		{1F4AA4CF-250E-419B-B1A7-F4589EBE2A64}.DVD-5|Default.Build.0 = DVD-5
		{1F4AA4CF-250E-419B-B1A7-F4589EBE2A64}.SingleImage|Default.ActiveCfg = SingleImage
		{1F4AA4CF-250E-419B-B1A7-F4589EBE2A64}.SingleImage|Default.Build.0 = SingleImage
	EndGlobalSection
	GlobalSection(SolutionProperties) = preSolution
		HideSolutionNode = FALSE
	EndGlobalSection
EndGlobal
